
Microsoft Visual Studio Solution File, Format Version 12.00
# Visual Studio Version 17
VisualStudioVersion = 17.5.33424.131
MinimumVisualStudioVersion = 10.0.40219.1
Project("{9A19103F-16F7-4668-BE54-9A1E7A4F7556}") = "URabbitMQ.Publisher", "URabbitMQ.Publisher\URabbitMQ.Publisher.csproj", "{1E1E9F7F-5569-44F3-BE81-06B9FABF5D47}"
EndProject
Project("{9A19103F-16F7-4668-BE54-9A1E7A4F7556}") = "URabbitMQ.Subscriber", "URabbitMQ.Subscriber\URabbitMQ.Subscriber.csproj", "{1737D802-0122-496D-A621-2A938A7C34EF}"
EndProject
Project("{FAE04EC0-301F-11D3-BF4B-00C04F79EFBC}") = "URabbitMQ.Shared", "URabbitMQ.Shared\URabbitMQ.Shared.csproj", "{3FE3436D-A010-4B59-92F9-E84D6A7AEE0D}"
EndProject
Global
	GlobalSection(SolutionConfigurationPlatforms) = preSolution
		Debug|Any CPU = Debug|Any CPU
		Release|Any CPU = Release|Any CPU
	EndGlobalSection
	GlobalSection(ProjectConfigurationPlatforms) = postSolution
		{1E1E9F7F-5569-44F3-BE81-06B9FABF5D47}.Debug|Any CPU.ActiveCfg = Debug|Any CPU
		{1E1E9F7F-5569-44F3-BE81-06B9FABF5D47}.Debug|Any CPU.Build.0 = Debug|Any CPU
		{1E1E9F7F-5569-44F3-BE81-06B9FABF5D47}.Release|Any CPU.ActiveCfg = Release|Any CPU
		{1E1E9F7F-5569-44F3-BE81-06B9FABF5D47}.Release|Any CPU.Build.0 = Release|Any CPU
		{1737D802-0122-496D-A621-2A938A7C34EF}.Debug|Any CPU.ActiveCfg = Debug|Any CPU
		{1737D802-0122-496D-A621-2A938A7C34EF}.Debug|Any CPU.Build.0 = Debug|Any CPU
		{1737D802-0122-496D-A621-2A938A7C34EF}.Release|Any CPU.ActiveCfg = Release|Any CPU
		{1737D802-0122-496D-A621-2A938A7C34EF}.Release|Any CPU.Build.0 = Release|Any CPU
		{3FE3436D-A010-4B59-92F9-E84D6A7AEE0D}.Debug|Any CPU.ActiveCfg = Debug|Any CPU
		{3FE3436D-A010-4B59-92F9-E84D6A7AEE0D}.Debug|Any CPU.Build.0 = Debug|Any CPU
		{3FE3436D-A010-4B59-92F9-E84D6A7AEE0D}.Release|Any CPU.ActiveCfg = Release|Any CPU
		{3FE3436D-A010-4B59-92F9-E84D6A7AEE0D}.Release|Any CPU.Build.0 = Release|Any CPU
	EndGlobalSection
	GlobalSection(SolutionProperties) = preSolution
		HideSolutionNode = FALSE
	EndGlobalSection
	GlobalSection(ExtensibilityGlobals) = postSolution
		SolutionGuid = {0673291A-C11B-4BD6-8940-E7FD957AAAD4}
	EndGlobalSection
EndGlobal
